
Microsoft Visual Studio Solution File, Format Version 12.00
# Visual Studio Version 17
VisualStudioVersion = 17.11.35222.181
MinimumVisualStudioVersion = 10.0.40219.1
Project("{FAE04EC0-301F-11D3-BF4B-00C04F79EFBC}") = "Labb3-Polymorphism", "Labb3-Polymorphism\Labb3-Polymorphism.csproj", "{5602AA4E-187A-48EB-898A-DE5E8241F0FE}"
EndProject
Global
	GlobalSection(SolutionConfigurationPlatforms) = preSolution
		Debug|Any CPU = Debug|Any CPU
		Release|Any CPU = Release|Any CPU
	EndGlobalSection
	GlobalSection(ProjectConfigurationPlatforms) = postSolution
		{5602AA4E-187A-48EB-898A-DE5E8241F0FE}.Debug|Any CPU.ActiveCfg = Debug|Any CPU
		{5602AA4E-187A-48EB-898A-DE5E8241F0FE}.Debug|Any CPU.Build.0 = Debug|Any CPU
		{5602AA4E-187A-48EB-898A-DE5E8241F0FE}.Release|Any CPU.ActiveCfg = Release|Any CPU
		{5602AA4E-187A-48EB-898A-DE5E8241F0FE}.Release|Any CPU.Build.0 = Release|Any CPU
	EndGlobalSection
	GlobalSection(SolutionProperties) = preSolution
		HideSolutionNode = FALSE
	EndGlobalSection
	GlobalSection(ExtensibilityGlobals) = postSolution
		SolutionGuid = {DF30121D-6C81-4F9B-9F51-5AD95DEA7584}
	EndGlobalSection
EndGlobal
